
Microsoft Visual Studio Solution File, Format Version 12.00
# Visual Studio Version 16
VisualStudioVersion = 16.0.31025.194
MinimumVisualStudioVersion = 10.0.40219.1
Project("{FAE04EC0-301F-11D3-BF4B-00C04F79EFBC}") = "Mio.NhaCuaVui.HappySite", "Mio.NhaCuaVui.HappySite\Mio.NhaCuaVui.HappySite.csproj", "{21F173D9-FE9F-4D2C-9785-BD93FFB69006}"
EndProject
Global
	GlobalSection(SolutionConfigurationPlatforms) = preSolution
		Debug|Any CPU = Debug|Any CPU
		Release|Any CPU = Release|Any CPU
	EndGlobalSection
	GlobalSection(ProjectConfigurationPlatforms) = postSolution
		{21F173D9-FE9F-4D2C-9785-BD93FFB69006}.Debug|Any CPU.ActiveCfg = Debug|Any CPU
		{21F173D9-FE9F-4D2C-9785-BD93FFB69006}.Debug|Any CPU.Build.0 = Debug|Any CPU
		{21F173D9-FE9F-4D2C-9785-BD93FFB69006}.Release|Any CPU.ActiveCfg = Release|Any CPU
		{21F173D9-FE9F-4D2C-9785-BD93FFB69006}.Release|Any CPU.Build.0 = Release|Any CPU
	EndGlobalSection
	GlobalSection(SolutionProperties) = preSolution
		HideSolutionNode = FALSE
	EndGlobalSection
	GlobalSection(ExtensibilityGlobals) = postSolution
		SolutionGuid = {6384E299-0104-4FAC-898E-D60F0ECD85C3}
	EndGlobalSection
EndGlobal
